# This file is automatically @generated by Poetry 1.5.1 and should not be changed by hand.

[[package]]
name = "certifi"
version = "2023.7.22"
description = "Python package for providing Mozilla's CA Bundle."
optional = false
python-versions = ">=3.6"
files = [
    {file = "certifi-2023.7.22-py3-none-any.whl", hash = "sha256:92d6037539857d8206b8f6ae472e8b77db8058fec5937a1ef3f54304089edbb9"},
    {file = "certifi-2023.7.22.tar.gz", hash = "sha256:539cc1d13202e33ca466e88b2807e29f4c13049d6d87031a3c110744495cb082"},
]

[[package]]
name = "markdown-it-py"
version = "3.0.0"
description = "Python port of markdown-it. Markdown parsing, done right!"
optional = false
python-versions = ">=3.8"
files = [
    {file = "markdown-it-py-3.0.0.tar.gz", hash = "sha256:e3f60a94fa066dc52ec76661e37c851cb232d92f9886b15cb560aaada2df8feb"},
    {file = "markdown_it_py-3.0.0-py3-none-any.whl", hash = "sha256:355216845c60bd96232cd8d8c40e8f9765cc86f46880e43a8fd22dc1a1a8cab1"},
]

[package.dependencies]
mdurl = ">=0.1,<1.0"

[package.extras]
benchmarking = ["psutil", "pytest", "pytest-benchmark"]
code-style = ["pre-commit (>=3.0,<4.0)"]
compare = ["commonmark (>=0.9,<1.0)", "markdown (>=3.4,<4.0)", "mistletoe (>=1.0,<2.0)", "mistune (>=2.0,<3.0)", "panflute (>=2.3,<3.0)"]
linkify = ["linkify-it-py (>=1,<3)"]
plugins = ["mdit-py-plugins"]
profiling = ["gprof2dot"]
rtd = ["jupyter_sphinx", "mdit-py-plugins", "myst-parser", "pyyaml", "sphinx", "sphinx-copybutton", "sphinx-design", "sphinx_book_theme"]
testing = ["coverage", "pytest", "pytest-cov", "pytest-regressions"]

[[package]]
name = "mdurl"
version = "0.1.2"
description = "Markdown URL utilities"
optional = false
python-versions = ">=3.7"
files = [
    {file = "mdurl-0.1.2-py3-none-any.whl", hash = "sha256:84008a41e51615a49fc9966191ff91509e3c40b939176e643fd50a5c2196b8f8"},
    {file = "mdurl-0.1.2.tar.gz", hash = "sha256:bb413d29f5eea38f31dd4754dd7377d4465116fb207585f97bf925588687c1ba"},
]

[[package]]
name = "pulsar-client"
version = "3.2.0"
description = "Apache Pulsar Python client library"
optional = false
python-versions = "*"
files = [
    {file = "pulsar_client-3.2.0-cp310-cp310-macosx_10_15_universal2.whl", hash = "sha256:da53bbe1903026ca1253d36a67bde0ae88513497091658aee8c5514c3e567483"},
    {file = "pulsar_client-3.2.0-cp310-cp310-manylinux_2_17_aarch64.manylinux2014_aarch64.whl", hash = "sha256:ec595a71b7a25f1a72a1350efd6680a511b53253c3cac1911ba3d6c4d71fa64c"},
    {file = "pulsar_client-3.2.0-cp310-cp310-manylinux_2_17_x86_64.manylinux2014_x86_64.whl", hash = "sha256:e3557c65463d74ec8d2864752389beb06761ab591dd134a164e0b1303c66719b"},
    {file = "pulsar_client-3.2.0-cp310-cp310-musllinux_1_1_aarch64.whl", hash = "sha256:d51dc76fec48217489bde95754ad58288c9389361de42f5a27d64e19840d27fb"},
    {file = "pulsar_client-3.2.0-cp310-cp310-musllinux_1_1_x86_64.whl", hash = "sha256:9ef2baf85311e0fe1b98342fdafbb93a1818a08ef999eaa524234fedf6f3b941"},
    {file = "pulsar_client-3.2.0-cp310-cp310-win_amd64.whl", hash = "sha256:0928b02beda0c98e77178f4e30e962ddb8ee8c3320e4c7304a78b0796e976523"},
    {file = "pulsar_client-3.2.0-cp311-cp311-macosx_10_15_universal2.whl", hash = "sha256:584f44b03474a69906be711a597a4d516263a55be31e49fc07be503dc8406821"},
    {file = "pulsar_client-3.2.0-cp311-cp311-manylinux_2_17_aarch64.manylinux2014_aarch64.whl", hash = "sha256:a637b9a3b30860c61e68a7b8ea650e0987d89e82f73b6a3df1ab662a6438fdda"},
    {file = "pulsar_client-3.2.0-cp311-cp311-manylinux_2_17_x86_64.manylinux2014_x86_64.whl", hash = "sha256:b4a187fdc5febcf16f725179dcf2c476f31eeebd8353794d91754a3202dd5072"},
    {file = "pulsar_client-3.2.0-cp311-cp311-musllinux_1_1_aarch64.whl", hash = "sha256:5ff879f868cf1fd29db99f39fdb22b3ec3e749c648aca28526689756d922d1c5"},
    {file = "pulsar_client-3.2.0-cp311-cp311-musllinux_1_1_x86_64.whl", hash = "sha256:4a5f85d0cc414f739a5b51d843f213b54b2cd768c3a34f7c27cca410712b1f81"},
    {file = "pulsar_client-3.2.0-cp311-cp311-win_amd64.whl", hash = "sha256:4fe748283848d829a80c0323558faeebea4c240d69fa58314ac90344f6999d17"},
    {file = "pulsar_client-3.2.0-cp37-cp37m-macosx_10_15_universal2.whl", hash = "sha256:06b91c26def86dbbc35be15257999fd8a2afbadf32983916ea3eef44f4d4cab4"},
    {file = "pulsar_client-3.2.0-cp37-cp37m-manylinux_2_17_aarch64.manylinux2014_aarch64.whl", hash = "sha256:39ec897bc8d232e6b118793378fc662a844334b829a28a1b4ad1c5fe8d019135"},
    {file = "pulsar_client-3.2.0-cp37-cp37m-manylinux_2_17_x86_64.manylinux2014_x86_64.whl", hash = "sha256:aa37c96c25c1b5aff3bad0fd0194b385ec190b2c67a2f439ac91577f81ae18d3"},
    {file = "pulsar_client-3.2.0-cp37-cp37m-musllinux_1_1_aarch64.whl", hash = "sha256:d49cdd4d1b7fc2e80d100acf14e6fd3898f6e099e403fc56ed22a690245b2fec"},
    {file = "pulsar_client-3.2.0-cp37-cp37m-musllinux_1_1_x86_64.whl", hash = "sha256:0058ca3191fd24528ccf94dba6f12e4093831454a2597166f96900d0717271bf"},
    {file = "pulsar_client-3.2.0-cp37-cp37m-win_amd64.whl", hash = "sha256:cb69b0411008e0b56df51de0aab20aa1c1a12aef3019b9ceba89afbae1f07fe2"},
    {file = "pulsar_client-3.2.0-cp38-cp38-macosx_10_15_universal2.whl", hash = "sha256:f7d33e99602352df7a30707eab4e5781654602212fb618928bffb5523f2bcf35"},
    {file = "pulsar_client-3.2.0-cp38-cp38-manylinux_2_17_aarch64.manylinux2014_aarch64.whl", hash = "sha256:ad1ac15a175ca90555c681a4d0134568771c6346b97a172f3ef14006556a50ae"},
    {file = "pulsar_client-3.2.0-cp38-cp38-manylinux_2_17_x86_64.manylinux2014_x86_64.whl", hash = "sha256:369e08ef1d5cb196dd9271039928800f90b4701a9c9df90bc068b44260d2fb11"},
    {file = "pulsar_client-3.2.0-cp38-cp38-musllinux_1_1_aarch64.whl", hash = "sha256:a52ba2b6736a2ebeed31b590e75d417dda149e333461655860efa84d898a3eb4"},
    {file = "pulsar_client-3.2.0-cp38-cp38-musllinux_1_1_x86_64.whl", hash = "sha256:5c801334b3b569b23976481a2922bcea0c6dd990fc26544658dd9e9c8f78ca36"},
    {file = "pulsar_client-3.2.0-cp38-cp38-win_amd64.whl", hash = "sha256:cd01fd419280e9013d1655bc53662248be2656b623b1506480e1a985aa7dadd2"},
    {file = "pulsar_client-3.2.0-cp39-cp39-macosx_10_15_universal2.whl", hash = "sha256:0abe54d84db76435a6cd88ce27610352cabc7efae9fa3e7f874e032ec2ca0b3f"},
    {file = "pulsar_client-3.2.0-cp39-cp39-manylinux_2_17_aarch64.manylinux2014_aarch64.whl", hash = "sha256:b9a1b6a806eb4819d8cbab1c4ae44ebf2110a94204a46c365f5757e1455252f2"},
    {file = "pulsar_client-3.2.0-cp39-cp39-manylinux_2_17_x86_64.manylinux2014_x86_64.whl", hash = "sha256:34ea2a6b75ae0e303d522e5b57c75a4ff03dc18b9bfc14151fb14dfaf5866f17"},
    {file = "pulsar_client-3.2.0-cp39-cp39-musllinux_1_1_aarch64.whl", hash = "sha256:be6d3a9b2e1db3b6d1a7db5e13f7b4ed420674cf072cdb520fb004c4cd54c0af"},
    {file = "pulsar_client-3.2.0-cp39-cp39-musllinux_1_1_x86_64.whl", hash = "sha256:b6b733e6239ffb505f7084df0175baf9d0215f14d0a02e9bbd1fdf71a2d6ea17"},
    {file = "pulsar_client-3.2.0-cp39-cp39-win_amd64.whl", hash = "sha256:edc2135d02b4793efb086edca0ffaa6e8ac9133961c2cdc17ae487e0a53da481"},
]

[package.dependencies]
certifi = "*"

[package.extras]
all = ["apache-bookkeeper-client (>=4.16.1)", "fastavro (==1.7.3)", "grpcio (>=1.8.2)", "prometheus-client", "protobuf (>=3.6.1,<=3.20.3)", "ratelimit"]
avro = ["fastavro (==1.7.3)"]
functions = ["apache-bookkeeper-client (>=4.16.1)", "grpcio (>=1.8.2)", "prometheus-client", "protobuf (>=3.6.1,<=3.20.3)", "ratelimit"]

[[package]]
name = "pygments"
version = "2.15.1"
description = "Pygments is a syntax highlighting package written in Python."
optional = false
python-versions = ">=3.7"
files = [
    {file = "Pygments-2.15.1-py3-none-any.whl", hash = "sha256:db2db3deb4b4179f399a09054b023b6a586b76499d36965813c71aa8ed7b5fd1"},
    {file = "Pygments-2.15.1.tar.gz", hash = "sha256:8ace4d3c1dd481894b2005f560ead0f9f19ee64fe983366be1a21e171d12775c"},
]

[package.extras]
plugins = ["importlib-metadata"]

[[package]]
name = "rich"
version = "13.5.1"
description = "Render rich text, tables, progress bars, syntax highlighting, markdown and more to the terminal"
optional = false
python-versions = ">=3.7.0"
files = [
    {file = "rich-13.5.1-py3-none-any.whl", hash = "sha256:b97381b204a206e1be618f5e1215a57174a1a7732490b3bf6668cf41d30bc72d"},
    {file = "rich-13.5.1.tar.gz", hash = "sha256:881653ee7037803559d8eae98f145e0a4c4b0ec3ff0300d2cc8d479c71fc6819"},
]

[package.dependencies]
markdown-it-py = ">=2.2.0"
pygments = ">=2.13.0,<3.0.0"

[package.extras]
jupyter = ["ipywidgets (>=7.5.1,<9)"]

[metadata]
lock-version = "2.0"
python-versions = "^3.10"
content-hash = "e4277d16a8b0a21e2dd929b13a7eda720f9cfec0c64d2b620cb820bd57674fb9"
